
Microsoft Visual Studio Solution File, Format Version 12.00
# Visual Studio Version 17
VisualStudioVersion = 17.7.34221.43
MinimumVisualStudioVersion = 10.0.40219.1
Project("{FAE04EC0-301F-11D3-BF4B-00C04F79EFBC}") = "DockerWebApp", "DockerWebApp\DockerWebApp.csproj", "{34FEDC17-0F57-43CF-884F-BFB232667577}"
EndProject
Global
	GlobalSection(SolutionConfigurationPlatforms) = preSolution
		Debug|Any CPU = Debug|Any CPU
		Release|Any CPU = Release|Any CPU
	EndGlobalSection
	GlobalSection(ProjectConfigurationPlatforms) = postSolution
		{34FEDC17-0F57-43CF-884F-BFB232667577}.Debug|Any CPU.ActiveCfg = Debug|Any CPU
		{34FEDC17-0F57-43CF-884F-BFB232667577}.Debug|Any CPU.Build.0 = Debug|Any CPU
		{34FEDC17-0F57-43CF-884F-BFB232667577}.Release|Any CPU.ActiveCfg = Release|Any CPU
		{34FEDC17-0F57-43CF-884F-BFB232667577}.Release|Any CPU.Build.0 = Release|Any CPU
	EndGlobalSection
	GlobalSection(SolutionProperties) = preSolution
		HideSolutionNode = FALSE
	EndGlobalSection
	GlobalSection(ExtensibilityGlobals) = postSolution
		SolutionGuid = {BC47D323-6DCF-4698-82A1-A8CEF0A145E1}
	EndGlobalSection
EndGlobal
